
Microsoft Visual Studio Solution File, Format Version 12.00
# Visual Studio Version 17
VisualStudioVersion = 17.0.31903.59
MinimumVisualStudioVersion = 10.0.40219.1
Project("{2150E333-8FDC-42A3-9474-1A3956D46DE8}") = "AtCoder-Beginner-Contest-001", "AtCoder-Beginner-Contest-001", "{9A30008C-7D5F-4442-8F54-C4D7542AA67D}"
EndProject
Project("{FAE04EC0-301F-11D3-BF4B-00C04F79EFBC}") = "A", "AtCoder-Beginner-Contest-001\A\A.csproj", "{B50DCF79-273A-4A81-806E-2DC1210A17EE}"
EndProject
Project("{2150E333-8FDC-42A3-9474-1A3956D46DE8}") = "AtCoder-Beginner-Contest-002", "AtCoder-Beginner-Contest-002", "{AF9B20AC-1E6C-4701-BCC0-57D67F193074}"
EndProject
Project("{FAE04EC0-301F-11D3-BF4B-00C04F79EFBC}") = "A", "AtCoder-Beginner-Contest-002\A\A.csproj", "{C9BD49F6-659D-41EE-AFB3-7D67CC478ED3}"
EndProject
Global
	GlobalSection(SolutionConfigurationPlatforms) = preSolution
		Debug|Any CPU = Debug|Any CPU
		Release|Any CPU = Release|Any CPU
	EndGlobalSection
	GlobalSection(SolutionProperties) = preSolution
		HideSolutionNode = FALSE
	EndGlobalSection
	GlobalSection(ProjectConfigurationPlatforms) = postSolution
		{B50DCF79-273A-4A81-806E-2DC1210A17EE}.Debug|Any CPU.ActiveCfg = Debug|Any CPU
		{B50DCF79-273A-4A81-806E-2DC1210A17EE}.Debug|Any CPU.Build.0 = Debug|Any CPU
		{B50DCF79-273A-4A81-806E-2DC1210A17EE}.Release|Any CPU.ActiveCfg = Release|Any CPU
		{B50DCF79-273A-4A81-806E-2DC1210A17EE}.Release|Any CPU.Build.0 = Release|Any CPU
		{C9BD49F6-659D-41EE-AFB3-7D67CC478ED3}.Debug|Any CPU.ActiveCfg = Debug|Any CPU
		{C9BD49F6-659D-41EE-AFB3-7D67CC478ED3}.Debug|Any CPU.Build.0 = Debug|Any CPU
		{C9BD49F6-659D-41EE-AFB3-7D67CC478ED3}.Release|Any CPU.ActiveCfg = Release|Any CPU
		{C9BD49F6-659D-41EE-AFB3-7D67CC478ED3}.Release|Any CPU.Build.0 = Release|Any CPU
	EndGlobalSection
	GlobalSection(NestedProjects) = preSolution
		{B50DCF79-273A-4A81-806E-2DC1210A17EE} = {9A30008C-7D5F-4442-8F54-C4D7542AA67D}
		{C9BD49F6-659D-41EE-AFB3-7D67CC478ED3} = {AF9B20AC-1E6C-4701-BCC0-57D67F193074}
	EndGlobalSection
EndGlobal
