
Microsoft Visual Studio Solution File, Format Version 12.00
# Visual Studio Version 17
VisualStudioVersion = 17.0.31903.59
MinimumVisualStudioVersion = 10.0.40219.1
Project("{2150E333-8FDC-42A3-9474-1A3956D46DE8}") = "AtCoder-Beginner-Contest-001", "AtCoder-Beginner-Contest-001", "{9A30008C-7D5F-4442-8F54-C4D7542AA67D}"
EndProject
Project("{FAE04EC0-301F-11D3-BF4B-00C04F79EFBC}") = "A", "AtCoder-Beginner-Contest-001\A\A.csproj", "{B50DCF79-273A-4A81-806E-2DC1210A17EE}"
EndProject
Project("{2150E333-8FDC-42A3-9474-1A3956D46DE8}") = "AtCoder-Beginner-Contest-002", "AtCoder-Beginner-Contest-002", "{AF9B20AC-1E6C-4701-BCC0-57D67F193074}"
EndProject
Project("{FAE04EC0-301F-11D3-BF4B-00C04F79EFBC}") = "A", "AtCoder-Beginner-Contest-002\A\A.csproj", "{C9BD49F6-659D-41EE-AFB3-7D67CC478ED3}"
EndProject
Project("{2150E333-8FDC-42A3-9474-1A3956D46DE8}") = "AtCoder-Beginner-Contest-003", "AtCoder-Beginner-Contest-003", "{0813622C-C361-4E6D-BD7B-BB7756A96DD4}"
EndProject
Project("{FAE04EC0-301F-11D3-BF4B-00C04F79EFBC}") = "A", "AtCoder-Beginner-Contest-003\A\A.csproj", "{DFF2EB17-894C-4AE3-A4BF-E635D24A7F22}"
EndProject
Project("{2150E333-8FDC-42A3-9474-1A3956D46DE8}") = "AtCoder-Beginner-Contest-026", "AtCoder-Beginner-Contest-026", "{1D22A607-C018-41EB-8943-CC0D88C51D48}"
EndProject
Project("{FAE04EC0-301F-11D3-BF4B-00C04F79EFBC}") = "A", "AtCoder-Beginner-Contest-026\A\A.csproj", "{EC6BCA9A-68A3-44F4-B5F3-545DBD56C717}"
EndProject
Project("{2150E333-8FDC-42A3-9474-1A3956D46DE8}") = "AtCoder-Beginner-Contest-078", "AtCoder-Beginner-Contest-078", "{EB8099C5-E8E1-4FB0-9E62-B1979D9DF704}"
EndProject
Project("{FAE04EC0-301F-11D3-BF4B-00C04F79EFBC}") = "A", "AtCoder-Beginner-Contest-078\A\A.csproj", "{89D707AA-2647-4190-BFF4-0088AFC09727}"
EndProject
Project("{2150E333-8FDC-42A3-9474-1A3956D46DE8}") = "AtCoder-Beginner-Contest-219", "AtCoder-Beginner-Contest-219", "{D3F7C609-6D49-4C32-AC9A-7EBF6B230CF5}"
EndProject
Project("{FAE04EC0-301F-11D3-BF4B-00C04F79EFBC}") = "A", "AtCoder-Beginner-Contest-219\A\A.csproj", "{4CF62999-36C2-480A-B792-308E97ADC460}"
EndProject
Project("{2150E333-8FDC-42A3-9474-1A3956D46DE8}") = "AtCoder-Beginner-Contest-260", "AtCoder-Beginner-Contest-260", "{42A7D020-2CEB-47D2-8480-F56790866CE8}"
EndProject
Project("{FAE04EC0-301F-11D3-BF4B-00C04F79EFBC}") = "A", "AtCoder-Beginner-Contest-260\A\A.csproj", "{975D99FF-CB28-4F4E-94D7-68D1F50D6A5F}"
EndProject
Project("{2150E333-8FDC-42A3-9474-1A3956D46DE8}") = "AtCoder-Beginner-Contest-292", "AtCoder-Beginner-Contest-292", "{C0FE5B38-4AA2-47CD-A933-D86F16A5AB13}"
EndProject
Project("{FAE04EC0-301F-11D3-BF4B-00C04F79EFBC}") = "A", "AtCoder-Beginner-Contest-292\A\A.csproj", "{D0BB7A64-4FB1-4520-9C46-3C90EEC8ECB0}"
EndProject
Project("{2150E333-8FDC-42A3-9474-1A3956D46DE8}") = "AtCoder-Beginner-Contest-315", "AtCoder-Beginner-Contest-315", "{F90B1C38-6C6E-4B75-AF25-409CFA0DCDEC}"
EndProject
Project("{FAE04EC0-301F-11D3-BF4B-00C04F79EFBC}") = "A", "AtCoder-Beginner-Contest-315\A\A.csproj", "{4D5146F1-2AF8-49BF-BE92-169E1ABB21F2}"
EndProject
Global
	GlobalSection(SolutionConfigurationPlatforms) = preSolution
		Debug|Any CPU = Debug|Any CPU
		Release|Any CPU = Release|Any CPU
	EndGlobalSection
	GlobalSection(SolutionProperties) = preSolution
		HideSolutionNode = FALSE
	EndGlobalSection
	GlobalSection(ProjectConfigurationPlatforms) = postSolution
		{B50DCF79-273A-4A81-806E-2DC1210A17EE}.Debug|Any CPU.ActiveCfg = Debug|Any CPU
		{B50DCF79-273A-4A81-806E-2DC1210A17EE}.Debug|Any CPU.Build.0 = Debug|Any CPU
		{B50DCF79-273A-4A81-806E-2DC1210A17EE}.Release|Any CPU.ActiveCfg = Release|Any CPU
		{B50DCF79-273A-4A81-806E-2DC1210A17EE}.Release|Any CPU.Build.0 = Release|Any CPU
		{C9BD49F6-659D-41EE-AFB3-7D67CC478ED3}.Debug|Any CPU.ActiveCfg = Debug|Any CPU
		{C9BD49F6-659D-41EE-AFB3-7D67CC478ED3}.Debug|Any CPU.Build.0 = Debug|Any CPU
		{C9BD49F6-659D-41EE-AFB3-7D67CC478ED3}.Release|Any CPU.ActiveCfg = Release|Any CPU
		{C9BD49F6-659D-41EE-AFB3-7D67CC478ED3}.Release|Any CPU.Build.0 = Release|Any CPU
		{DFF2EB17-894C-4AE3-A4BF-E635D24A7F22}.Debug|Any CPU.ActiveCfg = Debug|Any CPU
		{DFF2EB17-894C-4AE3-A4BF-E635D24A7F22}.Debug|Any CPU.Build.0 = Debug|Any CPU
		{DFF2EB17-894C-4AE3-A4BF-E635D24A7F22}.Release|Any CPU.ActiveCfg = Release|Any CPU
		{DFF2EB17-894C-4AE3-A4BF-E635D24A7F22}.Release|Any CPU.Build.0 = Release|Any CPU
		{EC6BCA9A-68A3-44F4-B5F3-545DBD56C717}.Debug|Any CPU.ActiveCfg = Debug|Any CPU
		{EC6BCA9A-68A3-44F4-B5F3-545DBD56C717}.Debug|Any CPU.Build.0 = Debug|Any CPU
		{EC6BCA9A-68A3-44F4-B5F3-545DBD56C717}.Release|Any CPU.ActiveCfg = Release|Any CPU
		{EC6BCA9A-68A3-44F4-B5F3-545DBD56C717}.Release|Any CPU.Build.0 = Release|Any CPU
		{89D707AA-2647-4190-BFF4-0088AFC09727}.Debug|Any CPU.ActiveCfg = Debug|Any CPU
		{89D707AA-2647-4190-BFF4-0088AFC09727}.Debug|Any CPU.Build.0 = Debug|Any CPU
		{89D707AA-2647-4190-BFF4-0088AFC09727}.Release|Any CPU.ActiveCfg = Release|Any CPU
		{89D707AA-2647-4190-BFF4-0088AFC09727}.Release|Any CPU.Build.0 = Release|Any CPU
		{4CF62999-36C2-480A-B792-308E97ADC460}.Debug|Any CPU.ActiveCfg = Debug|Any CPU
		{4CF62999-36C2-480A-B792-308E97ADC460}.Debug|Any CPU.Build.0 = Debug|Any CPU
		{4CF62999-36C2-480A-B792-308E97ADC460}.Release|Any CPU.ActiveCfg = Release|Any CPU
		{4CF62999-36C2-480A-B792-308E97ADC460}.Release|Any CPU.Build.0 = Release|Any CPU
		{975D99FF-CB28-4F4E-94D7-68D1F50D6A5F}.Debug|Any CPU.ActiveCfg = Debug|Any CPU
		{975D99FF-CB28-4F4E-94D7-68D1F50D6A5F}.Debug|Any CPU.Build.0 = Debug|Any CPU
		{975D99FF-CB28-4F4E-94D7-68D1F50D6A5F}.Release|Any CPU.ActiveCfg = Release|Any CPU
		{975D99FF-CB28-4F4E-94D7-68D1F50D6A5F}.Release|Any CPU.Build.0 = Release|Any CPU
		{D0BB7A64-4FB1-4520-9C46-3C90EEC8ECB0}.Debug|Any CPU.ActiveCfg = Debug|Any CPU
		{D0BB7A64-4FB1-4520-9C46-3C90EEC8ECB0}.Debug|Any CPU.Build.0 = Debug|Any CPU
		{D0BB7A64-4FB1-4520-9C46-3C90EEC8ECB0}.Release|Any CPU.ActiveCfg = Release|Any CPU
		{D0BB7A64-4FB1-4520-9C46-3C90EEC8ECB0}.Release|Any CPU.Build.0 = Release|Any CPU
		{4D5146F1-2AF8-49BF-BE92-169E1ABB21F2}.Debug|Any CPU.ActiveCfg = Debug|Any CPU
		{4D5146F1-2AF8-49BF-BE92-169E1ABB21F2}.Debug|Any CPU.Build.0 = Debug|Any CPU
		{4D5146F1-2AF8-49BF-BE92-169E1ABB21F2}.Release|Any CPU.ActiveCfg = Release|Any CPU
		{4D5146F1-2AF8-49BF-BE92-169E1ABB21F2}.Release|Any CPU.Build.0 = Release|Any CPU
	EndGlobalSection
	GlobalSection(NestedProjects) = preSolution
		{B50DCF79-273A-4A81-806E-2DC1210A17EE} = {9A30008C-7D5F-4442-8F54-C4D7542AA67D}
		{C9BD49F6-659D-41EE-AFB3-7D67CC478ED3} = {AF9B20AC-1E6C-4701-BCC0-57D67F193074}
		{DFF2EB17-894C-4AE3-A4BF-E635D24A7F22} = {0813622C-C361-4E6D-BD7B-BB7756A96DD4}
		{EC6BCA9A-68A3-44F4-B5F3-545DBD56C717} = {1D22A607-C018-41EB-8943-CC0D88C51D48}
		{89D707AA-2647-4190-BFF4-0088AFC09727} = {EB8099C5-E8E1-4FB0-9E62-B1979D9DF704}
		{4CF62999-36C2-480A-B792-308E97ADC460} = {D3F7C609-6D49-4C32-AC9A-7EBF6B230CF5}
		{975D99FF-CB28-4F4E-94D7-68D1F50D6A5F} = {42A7D020-2CEB-47D2-8480-F56790866CE8}
		{D0BB7A64-4FB1-4520-9C46-3C90EEC8ECB0} = {C0FE5B38-4AA2-47CD-A933-D86F16A5AB13}
		{4D5146F1-2AF8-49BF-BE92-169E1ABB21F2} = {F90B1C38-6C6E-4B75-AF25-409CFA0DCDEC}
	EndGlobalSection
EndGlobal
