
Microsoft Visual Studio Solution File, Format Version 12.00
# Visual Studio Version 17
VisualStudioVersion = 17.0.31903.59
MinimumVisualStudioVersion = 10.0.40219.1
Project("{2150E333-8FDC-42A3-9474-1A3956D46DE8}") = "AtCoder-Beginner-Contest-001", "AtCoder-Beginner-Contest-001", "{9A30008C-7D5F-4442-8F54-C4D7542AA67D}"
EndProject
Project("{FAE04EC0-301F-11D3-BF4B-00C04F79EFBC}") = "A", "AtCoder-Beginner-Contest-001\A\A.csproj", "{B50DCF79-273A-4A81-806E-2DC1210A17EE}"
EndProject
Project("{2150E333-8FDC-42A3-9474-1A3956D46DE8}") = "AtCoder-Beginner-Contest-002", "AtCoder-Beginner-Contest-002", "{AF9B20AC-1E6C-4701-BCC0-57D67F193074}"
EndProject
Project("{FAE04EC0-301F-11D3-BF4B-00C04F79EFBC}") = "A", "AtCoder-Beginner-Contest-002\A\A.csproj", "{C9BD49F6-659D-41EE-AFB3-7D67CC478ED3}"
EndProject
Project("{2150E333-8FDC-42A3-9474-1A3956D46DE8}") = "AtCoder-Beginner-Contest-003", "AtCoder-Beginner-Contest-003", "{0813622C-C361-4E6D-BD7B-BB7756A96DD4}"
EndProject
Project("{FAE04EC0-301F-11D3-BF4B-00C04F79EFBC}") = "A", "AtCoder-Beginner-Contest-003\A\A.csproj", "{DFF2EB17-894C-4AE3-A4BF-E635D24A7F22}"
EndProject
Project("{2150E333-8FDC-42A3-9474-1A3956D46DE8}") = "AtCoder-Beginner-Contest-026", "AtCoder-Beginner-Contest-026", "{1D22A607-C018-41EB-8943-CC0D88C51D48}"
EndProject
Project("{FAE04EC0-301F-11D3-BF4B-00C04F79EFBC}") = "A", "AtCoder-Beginner-Contest-026\A\A.csproj", "{EC6BCA9A-68A3-44F4-B5F3-545DBD56C717}"
EndProject
Global
	GlobalSection(SolutionConfigurationPlatforms) = preSolution
		Debug|Any CPU = Debug|Any CPU
		Release|Any CPU = Release|Any CPU
	EndGlobalSection
	GlobalSection(SolutionProperties) = preSolution
		HideSolutionNode = FALSE
	EndGlobalSection
	GlobalSection(ProjectConfigurationPlatforms) = postSolution
		{B50DCF79-273A-4A81-806E-2DC1210A17EE}.Debug|Any CPU.ActiveCfg = Debug|Any CPU
		{B50DCF79-273A-4A81-806E-2DC1210A17EE}.Debug|Any CPU.Build.0 = Debug|Any CPU
		{B50DCF79-273A-4A81-806E-2DC1210A17EE}.Release|Any CPU.ActiveCfg = Release|Any CPU
		{B50DCF79-273A-4A81-806E-2DC1210A17EE}.Release|Any CPU.Build.0 = Release|Any CPU
		{C9BD49F6-659D-41EE-AFB3-7D67CC478ED3}.Debug|Any CPU.ActiveCfg = Debug|Any CPU
		{C9BD49F6-659D-41EE-AFB3-7D67CC478ED3}.Debug|Any CPU.Build.0 = Debug|Any CPU
		{C9BD49F6-659D-41EE-AFB3-7D67CC478ED3}.Release|Any CPU.ActiveCfg = Release|Any CPU
		{C9BD49F6-659D-41EE-AFB3-7D67CC478ED3}.Release|Any CPU.Build.0 = Release|Any CPU
		{DFF2EB17-894C-4AE3-A4BF-E635D24A7F22}.Debug|Any CPU.ActiveCfg = Debug|Any CPU
		{DFF2EB17-894C-4AE3-A4BF-E635D24A7F22}.Debug|Any CPU.Build.0 = Debug|Any CPU
		{DFF2EB17-894C-4AE3-A4BF-E635D24A7F22}.Release|Any CPU.ActiveCfg = Release|Any CPU
		{DFF2EB17-894C-4AE3-A4BF-E635D24A7F22}.Release|Any CPU.Build.0 = Release|Any CPU
		{EC6BCA9A-68A3-44F4-B5F3-545DBD56C717}.Debug|Any CPU.ActiveCfg = Debug|Any CPU
		{EC6BCA9A-68A3-44F4-B5F3-545DBD56C717}.Debug|Any CPU.Build.0 = Debug|Any CPU
		{EC6BCA9A-68A3-44F4-B5F3-545DBD56C717}.Release|Any CPU.ActiveCfg = Release|Any CPU
		{EC6BCA9A-68A3-44F4-B5F3-545DBD56C717}.Release|Any CPU.Build.0 = Release|Any CPU
	EndGlobalSection
	GlobalSection(NestedProjects) = preSolution
		{B50DCF79-273A-4A81-806E-2DC1210A17EE} = {9A30008C-7D5F-4442-8F54-C4D7542AA67D}
		{C9BD49F6-659D-41EE-AFB3-7D67CC478ED3} = {AF9B20AC-1E6C-4701-BCC0-57D67F193074}
		{DFF2EB17-894C-4AE3-A4BF-E635D24A7F22} = {0813622C-C361-4E6D-BD7B-BB7756A96DD4}
		{EC6BCA9A-68A3-44F4-B5F3-545DBD56C717} = {1D22A607-C018-41EB-8943-CC0D88C51D48}
	EndGlobalSection
EndGlobal
