
Microsoft Visual Studio Solution File, Format Version 12.00
# Visual Studio Version 17
VisualStudioVersion = 17.5.002.0
MinimumVisualStudioVersion = 10.0.40219.1
Project("{2150E333-8FDC-42A3-9474-1A3956D46DE8}") = "C-Sharp", "C-Sharp", "{824F7338-D882-4FA8-80C2-F8768CA78951}"
EndProject
Project("{9A19103F-16F7-4668-BE54-9A1E7A4F7556}") = "src", "C-Sharp\src\src.csproj", "{4EC29845-93DF-4DA3-9648-58CFD9F930AB}"
EndProject
Project("{2150E333-8FDC-42A3-9474-1A3956D46DE8}") = "src (1)", "src", "{B40F1F4F-0319-4776-8413-FF2A785A81FE}"
EndProject
Project("{2150E333-8FDC-42A3-9474-1A3956D46DE8}") = "AtCoder-Beginner-Contest-001", "AtCoder-Beginner-Contest-001", "{45B6ED5F-9681-4656-9228-8B8B81759506}"
EndProject
Project("{9A19103F-16F7-4668-BE54-9A1E7A4F7556}") = "src", "C-Sharp\src\AtCoder-Beginner-Contest-001\A\src.csproj", "{9B99BBA5-CF96-4224-B95F-30B6DDA37977}"
EndProject
Project("{2150E333-8FDC-42A3-9474-1A3956D46DE8}") = "AtCoder-Beginner-Contest-002", "AtCoder-Beginner-Contest-002", "{746C7081-0CD5-4A13-B694-DE9F43098EDC}"
EndProject
Project("{9A19103F-16F7-4668-BE54-9A1E7A4F7556}") = "src", "C-Sharp\src\AtCoder-Beginner-Contest-002\A\src.csproj", "{281686DB-EFD5-448B-AC42-97ADC448B31D}"
EndProject
Project("{2150E333-8FDC-42A3-9474-1A3956D46DE8}") = "AtCoder-Beginner-Contest-003", "AtCoder-Beginner-Contest-003", "{214451B9-5F36-4FD4-B207-60291BCA6F6F}"
EndProject
Project("{9A19103F-16F7-4668-BE54-9A1E7A4F7556}") = "src", "C-Sharp\src\AtCoder-Beginner-Contest-003\A\src.csproj", "{607FED8E-C5E9-4552-9679-171961D62D4A}"
EndProject
Project("{2150E333-8FDC-42A3-9474-1A3956D46DE8}") = "AtCoder-Beginner-Contest-260", "AtCoder-Beginner-Contest-260", "{A5AF9380-C119-465D-BDD7-484AC60FB1EE}"
EndProject
Project("{9A19103F-16F7-4668-BE54-9A1E7A4F7556}") = "src", "C-Sharp\src\AtCoder-Beginner-Contest-260\A\src.csproj", "{573EC35D-A905-47BD-B9E3-7BA3082C7070}"
EndProject
Project("{2150E333-8FDC-42A3-9474-1A3956D46DE8}") = "AtCoder-Beginner-Contest-292", "AtCoder-Beginner-Contest-292", "{B1BC0050-85B4-4DFA-851B-B84DD59D3E44}"
EndProject
Project("{9A19103F-16F7-4668-BE54-9A1E7A4F7556}") = "src", "C-Sharp\src\AtCoder-Beginner-Contest-292\A\src.csproj", "{7AD05503-E600-49E7-A66C-A5E0962D142A}"
EndProject
Global
	GlobalSection(SolutionConfigurationPlatforms) = preSolution
		Debug|Any CPU = Debug|Any CPU
		Release|Any CPU = Release|Any CPU
	EndGlobalSection
	GlobalSection(ProjectConfigurationPlatforms) = postSolution
		{4EC29845-93DF-4DA3-9648-58CFD9F930AB}.Debug|Any CPU.ActiveCfg = Debug|Any CPU
		{4EC29845-93DF-4DA3-9648-58CFD9F930AB}.Debug|Any CPU.Build.0 = Debug|Any CPU
		{4EC29845-93DF-4DA3-9648-58CFD9F930AB}.Release|Any CPU.ActiveCfg = Release|Any CPU
		{4EC29845-93DF-4DA3-9648-58CFD9F930AB}.Release|Any CPU.Build.0 = Release|Any CPU
		{9B99BBA5-CF96-4224-B95F-30B6DDA37977}.Debug|Any CPU.ActiveCfg = Debug|Any CPU
		{9B99BBA5-CF96-4224-B95F-30B6DDA37977}.Debug|Any CPU.Build.0 = Debug|Any CPU
		{9B99BBA5-CF96-4224-B95F-30B6DDA37977}.Release|Any CPU.ActiveCfg = Release|Any CPU
		{9B99BBA5-CF96-4224-B95F-30B6DDA37977}.Release|Any CPU.Build.0 = Release|Any CPU
		{281686DB-EFD5-448B-AC42-97ADC448B31D}.Debug|Any CPU.ActiveCfg = Debug|Any CPU
		{281686DB-EFD5-448B-AC42-97ADC448B31D}.Debug|Any CPU.Build.0 = Debug|Any CPU
		{281686DB-EFD5-448B-AC42-97ADC448B31D}.Release|Any CPU.ActiveCfg = Release|Any CPU
		{281686DB-EFD5-448B-AC42-97ADC448B31D}.Release|Any CPU.Build.0 = Release|Any CPU
		{607FED8E-C5E9-4552-9679-171961D62D4A}.Debug|Any CPU.ActiveCfg = Debug|Any CPU
		{607FED8E-C5E9-4552-9679-171961D62D4A}.Debug|Any CPU.Build.0 = Debug|Any CPU
		{607FED8E-C5E9-4552-9679-171961D62D4A}.Release|Any CPU.ActiveCfg = Release|Any CPU
		{607FED8E-C5E9-4552-9679-171961D62D4A}.Release|Any CPU.Build.0 = Release|Any CPU
		{573EC35D-A905-47BD-B9E3-7BA3082C7070}.Debug|Any CPU.ActiveCfg = Debug|Any CPU
		{573EC35D-A905-47BD-B9E3-7BA3082C7070}.Debug|Any CPU.Build.0 = Debug|Any CPU
		{573EC35D-A905-47BD-B9E3-7BA3082C7070}.Release|Any CPU.ActiveCfg = Release|Any CPU
		{573EC35D-A905-47BD-B9E3-7BA3082C7070}.Release|Any CPU.Build.0 = Release|Any CPU
		{7AD05503-E600-49E7-A66C-A5E0962D142A}.Debug|Any CPU.ActiveCfg = Debug|Any CPU
		{7AD05503-E600-49E7-A66C-A5E0962D142A}.Debug|Any CPU.Build.0 = Debug|Any CPU
		{7AD05503-E600-49E7-A66C-A5E0962D142A}.Release|Any CPU.ActiveCfg = Release|Any CPU
		{7AD05503-E600-49E7-A66C-A5E0962D142A}.Release|Any CPU.Build.0 = Release|Any CPU
	EndGlobalSection
	GlobalSection(SolutionProperties) = preSolution
		HideSolutionNode = FALSE
	EndGlobalSection
	GlobalSection(NestedProjects) = preSolution
		{4EC29845-93DF-4DA3-9648-58CFD9F930AB} = {824F7338-D882-4FA8-80C2-F8768CA78951}
		{B40F1F4F-0319-4776-8413-FF2A785A81FE} = {824F7338-D882-4FA8-80C2-F8768CA78951}
		{45B6ED5F-9681-4656-9228-8B8B81759506} = {B40F1F4F-0319-4776-8413-FF2A785A81FE}
		{9B99BBA5-CF96-4224-B95F-30B6DDA37977} = {45B6ED5F-9681-4656-9228-8B8B81759506}
		{746C7081-0CD5-4A13-B694-DE9F43098EDC} = {B40F1F4F-0319-4776-8413-FF2A785A81FE}
		{281686DB-EFD5-448B-AC42-97ADC448B31D} = {746C7081-0CD5-4A13-B694-DE9F43098EDC}
		{214451B9-5F36-4FD4-B207-60291BCA6F6F} = {B40F1F4F-0319-4776-8413-FF2A785A81FE}
		{607FED8E-C5E9-4552-9679-171961D62D4A} = {214451B9-5F36-4FD4-B207-60291BCA6F6F}
		{A5AF9380-C119-465D-BDD7-484AC60FB1EE} = {B40F1F4F-0319-4776-8413-FF2A785A81FE}
		{573EC35D-A905-47BD-B9E3-7BA3082C7070} = {A5AF9380-C119-465D-BDD7-484AC60FB1EE}
		{B1BC0050-85B4-4DFA-851B-B84DD59D3E44} = {B40F1F4F-0319-4776-8413-FF2A785A81FE}
		{7AD05503-E600-49E7-A66C-A5E0962D142A} = {B1BC0050-85B4-4DFA-851B-B84DD59D3E44}
	EndGlobalSection
	GlobalSection(ExtensibilityGlobals) = postSolution
		SolutionGuid = {4CD63CA2-8EA9-486D-94AA-6E421C178D85}
	EndGlobalSection
EndGlobal
